// !$*UTF8*$!
{
	archiveVersion = 1;
	classes = {
	};
	objectVersion = 46;
	objects = {

/* Begin PBXBuildFile section */
		8DA3E5C81B3D5384008BDDF0 /* MobileCoreServices.framework in Frameworks */ = {isa = PBXBuildFile; fileRef = 8DA3E5C71B3D5384008BDDF0 /* MobileCoreServices.framework */; };
		B724D8531A1AF9180022F064 /* AppiariesSDK.framework in Frameworks */ = {isa = PBXBuildFile; fileRef = B724D8521A1AF9180022F064 /* AppiariesSDK.framework */; };
		C5ADA319A4E300F1D2F17A3B /* PreferenceHelper.m in Sources */ = {isa = PBXBuildFile; fileRef = C5ADAF78499ABE18EEC2CFF7 /* PreferenceHelper.m */; };
		C5ADA5AF02B677E2E349F0BA /* Illustration.m in Sources */ = {isa = PBXBuildFile; fileRef = C5ADA5617A4C3F97D914E9D7 /* Illustration.m */; };
		C5ADAA11099ADB3131C9C5C6 /* Validator.m in Sources */ = {isa = PBXBuildFile; fileRef = C5ADAD453655D49DB15826B0 /* Validator.m */; };
		C5ADABEC2ACE671573E96651 /* ImageLoad.m in Sources */ = {isa = PBXBuildFile; fileRef = C5ADAB67F50A77A086AE23D3 /* ImageLoad.m */; };
		C5ADAE40EB8B98302AEE797B /* IllustrationImage.m in Sources */ = {isa = PBXBuildFile; fileRef = C5ADA95DB331B39F6EBD72B8 /* IllustrationImage.m */; };
		C5ADAF98AE169BED3D73311A /* LazyLoad.m in Sources */ = {isa = PBXBuildFile; fileRef = C5ADAD5AE7EA968C4A97D9C5 /* LazyLoad.m */; };
		D64B29211A2C772200FC1A54 /* SettingsViewController.m in Sources */ = {isa = PBXBuildFile; fileRef = D64B29201A2C772200FC1A54 /* SettingsViewController.m */; };
		D667DFC81A2FEAB900D00663 /* ImageViewController.m in Sources */ = {isa = PBXBuildFile; fileRef = D667DFC71A2FEAB900D00663 /* ImageViewController.m */; };
		D68A66001A281C2900503BA6 /* AddViewController.m in Sources */ = {isa = PBXBuildFile; fileRef = D68A65FF1A281C2900503BA6 /* AddViewController.m */; };
		D6925C961A5F7BEE00A75121 /* EditViewController.m in Sources */ = {isa = PBXBuildFile; fileRef = D6925C951A5F7BEE00A75121 /* EditViewController.m */; };
		D6925C991A5FAF9100A75121 /* DetailViewController.m in Sources */ = {isa = PBXBuildFile; fileRef = D6925C981A5FAF9100A75121 /* DetailViewController.m */; };
		D6AA4E111A27267500D5EB47 /* PlayViewController.m in Sources */ = {isa = PBXBuildFile; fileRef = D6AA4E101A27267500D5EB47 /* PlayViewController.m */; };
		F50832901A270A9600C5A8A7 /* Main.storyboard in Resources */ = {isa = PBXBuildFile; fileRef = F508323B1A270A9600C5A8A7 /* Main.storyboard */; };
		F508329B1A270A9600C5A8A7 /* ListViewController.m in Sources */ = {isa = PBXBuildFile; fileRef = F50832531A270A9600C5A8A7 /* ListViewController.m */; };
		F508329C1A270A9600C5A8A7 /* InfoPlist.strings in Resources */ = {isa = PBXBuildFile; fileRef = F50832541A270A9600C5A8A7 /* InfoPlist.strings */; };
		F508329E1A270A9600C5A8A7 /* AppDelegate.m in Sources */ = {isa = PBXBuildFile; fileRef = F50832591A270A9600C5A8A7 /* AppDelegate.m */; };
		F508329F1A270A9600C5A8A7 /* Images.xcassets in Resources */ = {isa = PBXBuildFile; fileRef = F508325A1A270A9600C5A8A7 /* Images.xcassets */; };
		F50832A21A270A9600C5A8A7 /* main.m in Sources */ = {isa = PBXBuildFile; fileRef = F50832621A270A9600C5A8A7 /* main.m */; };
		F53520C819ED09EE008F5AED /* Foundation.framework in Frameworks */ = {isa = PBXBuildFile; fileRef = F53520C719ED09EE008F5AED /* Foundation.framework */; };
		F53520CA19ED09EE008F5AED /* CoreGraphics.framework in Frameworks */ = {isa = PBXBuildFile; fileRef = F53520C919ED09EE008F5AED /* CoreGraphics.framework */; };
		F53520CC19ED09EE008F5AED /* UIKit.framework in Frameworks */ = {isa = PBXBuildFile; fileRef = F53520CB19ED09EE008F5AED /* UIKit.framework */; };
/* End PBXBuildFile section */

/* Begin PBXFileReference section */
		8DA3E5C71B3D5384008BDDF0 /* MobileCoreServices.framework */ = {isa = PBXFileReference; lastKnownFileType = wrapper.framework; name = MobileCoreServices.framework; path = System/Library/Frameworks/MobileCoreServices.framework; sourceTree = SDKROOT; };
		B724D8521A1AF9180022F064 /* AppiariesSDK.framework */ = {isa = PBXFileReference; lastKnownFileType = wrapper.framework; path = AppiariesSDK.framework; sourceTree = "<group>"; };
		C5ADA4D599A0C0A5AA397464 /* Illustration.h */ = {isa = PBXFileReference; fileEncoding = 4; lastKnownFileType = sourcecode.c.h; path = Illustration.h; sourceTree = "<group>"; };
		C5ADA5567AF49F742FA98E57 /* LazyLoad.h */ = {isa = PBXFileReference; fileEncoding = 4; lastKnownFileType = sourcecode.c.h; path = LazyLoad.h; sourceTree = "<group>"; };
		C5ADA5617A4C3F97D914E9D7 /* Illustration.m */ = {isa = PBXFileReference; fileEncoding = 4; lastKnownFileType = sourcecode.c.objc; path = Illustration.m; sourceTree = "<group>"; };
		C5ADA8A54AFDEBADCE270713 /* PreferenceHelper.h */ = {isa = PBXFileReference; fileEncoding = 4; lastKnownFileType = sourcecode.c.h; path = PreferenceHelper.h; sourceTree = "<group>"; };
		C5ADA95DB331B39F6EBD72B8 /* IllustrationImage.m */ = {isa = PBXFileReference; fileEncoding = 4; lastKnownFileType = sourcecode.c.objc; path = IllustrationImage.m; sourceTree = "<group>"; };
		C5ADAB67F50A77A086AE23D3 /* ImageLoad.m */ = {isa = PBXFileReference; fileEncoding = 4; lastKnownFileType = sourcecode.c.objc; path = ImageLoad.m; sourceTree = "<group>"; };
		C5ADAC02199B3609D5756A22 /* Validator.h */ = {isa = PBXFileReference; fileEncoding = 4; lastKnownFileType = sourcecode.c.h; path = Validator.h; sourceTree = "<group>"; };
		C5ADAC7B89F2F4147373EE9A /* IllustrationImage.h */ = {isa = PBXFileReference; fileEncoding = 4; lastKnownFileType = sourcecode.c.h; path = IllustrationImage.h; sourceTree = "<group>"; };
		C5ADAD453655D49DB15826B0 /* Validator.m */ = {isa = PBXFileReference; fileEncoding = 4; lastKnownFileType = sourcecode.c.objc; path = Validator.m; sourceTree = "<group>"; };
		C5ADAD5AE7EA968C4A97D9C5 /* LazyLoad.m */ = {isa = PBXFileReference; fileEncoding = 4; lastKnownFileType = sourcecode.c.objc; path = LazyLoad.m; sourceTree = "<group>"; };
		C5ADAEDED8D612007B683DE2 /* ImageLoad.h */ = {isa = PBXFileReference; fileEncoding = 4; lastKnownFileType = sourcecode.c.h; path = ImageLoad.h; sourceTree = "<group>"; };
		C5ADAF78499ABE18EEC2CFF7 /* PreferenceHelper.m */ = {isa = PBXFileReference; fileEncoding = 4; lastKnownFileType = sourcecode.c.objc; path = PreferenceHelper.m; sourceTree = "<group>"; };
		D64B291F1A2C772200FC1A54 /* SettingsViewController.h */ = {isa = PBXFileReference; fileEncoding = 4; lastKnownFileType = sourcecode.c.h; path = SettingsViewController.h; sourceTree = "<group>"; };
		D64B29201A2C772200FC1A54 /* SettingsViewController.m */ = {isa = PBXFileReference; fileEncoding = 4; lastKnownFileType = sourcecode.c.objc; path = SettingsViewController.m; sourceTree = "<group>"; };
		D667DFC61A2FEAB900D00663 /* ImageViewController.h */ = {isa = PBXFileReference; fileEncoding = 4; lastKnownFileType = sourcecode.c.h; path = ImageViewController.h; sourceTree = "<group>"; };
		D667DFC71A2FEAB900D00663 /* ImageViewController.m */ = {isa = PBXFileReference; fileEncoding = 4; lastKnownFileType = sourcecode.c.objc; path = ImageViewController.m; sourceTree = "<group>"; };
		D68A65FE1A281C2900503BA6 /* AddViewController.h */ = {isa = PBXFileReference; fileEncoding = 4; lastKnownFileType = sourcecode.c.h; path = AddViewController.h; sourceTree = "<group>"; };
		D68A65FF1A281C2900503BA6 /* AddViewController.m */ = {isa = PBXFileReference; fileEncoding = 4; lastKnownFileType = sourcecode.c.objc; path = AddViewController.m; sourceTree = "<group>"; };
		D6925C941A5F7BEE00A75121 /* EditViewController.h */ = {isa = PBXFileReference; fileEncoding = 4; lastKnownFileType = sourcecode.c.h; path = EditViewController.h; sourceTree = "<group>"; };
		D6925C951A5F7BEE00A75121 /* EditViewController.m */ = {isa = PBXFileReference; fileEncoding = 4; lastKnownFileType = sourcecode.c.objc; path = EditViewController.m; sourceTree = "<group>"; };
		D6925C971A5FAF9100A75121 /* DetailViewController.h */ = {isa = PBXFileReference; fileEncoding = 4; lastKnownFileType = sourcecode.c.h; path = DetailViewController.h; sourceTree = "<group>"; };
		D6925C981A5FAF9100A75121 /* DetailViewController.m */ = {isa = PBXFileReference; fileEncoding = 4; lastKnownFileType = sourcecode.c.objc; path = DetailViewController.m; sourceTree = "<group>"; };
		D6AA4E0F1A27267500D5EB47 /* PlayViewController.h */ = {isa = PBXFileReference; fileEncoding = 4; lastKnownFileType = sourcecode.c.h; path = PlayViewController.h; sourceTree = "<group>"; };
		D6AA4E101A27267500D5EB47 /* PlayViewController.m */ = {isa = PBXFileReference; fileEncoding = 4; lastKnownFileType = sourcecode.c.objc; path = PlayViewController.m; sourceTree = "<group>"; };
		F508323C1A270A9600C5A8A7 /* Base */ = {isa = PBXFileReference; lastKnownFileType = file.storyboard; name = Base; path = Base.lproj/Main.storyboard; sourceTree = "<group>"; };
		F50832521A270A9600C5A8A7 /* ListViewController.h */ = {isa = PBXFileReference; fileEncoding = 4; lastKnownFileType = sourcecode.c.h; path = ListViewController.h; sourceTree = "<group>"; };
		F50832531A270A9600C5A8A7 /* ListViewController.m */ = {isa = PBXFileReference; fileEncoding = 4; lastKnownFileType = sourcecode.c.objc; path = ListViewController.m; sourceTree = "<group>"; };
		F50832551A270A9600C5A8A7 /* en */ = {isa = PBXFileReference; lastKnownFileType = text.plist.strings; name = en; path = en.lproj/InfoPlist.strings; sourceTree = "<group>"; };
		F50832561A270A9600C5A8A7 /* Gallery-Info.plist */ = {isa = PBXFileReference; fileEncoding = 4; lastKnownFileType = text.plist.xml; path = "Gallery-Info.plist"; sourceTree = "<group>"; };
		F50832571A270A9600C5A8A7 /* Gallery-Prefix.pch */ = {isa = PBXFileReference; fileEncoding = 4; lastKnownFileType = sourcecode.c.h; path = "Gallery-Prefix.pch"; sourceTree = "<group>"; };
		F50832581A270A9600C5A8A7 /* AppDelegate.h */ = {isa = PBXFileReference; fileEncoding = 4; lastKnownFileType = sourcecode.c.h; path = AppDelegate.h; sourceTree = "<group>"; };
		F50832591A270A9600C5A8A7 /* AppDelegate.m */ = {isa = PBXFileReference; fileEncoding = 4; lastKnownFileType = sourcecode.c.objc; path = AppDelegate.m; sourceTree = "<group>"; };
		F508325A1A270A9600C5A8A7 /* Images.xcassets */ = {isa = PBXFileReference; lastKnownFileType = folder.assetcatalog; path = Images.xcassets; sourceTree = "<group>"; };
		F50832611A270A9600C5A8A7 /* Configurations.h */ = {isa = PBXFileReference; fileEncoding = 4; lastKnownFileType = sourcecode.c.h; path = Configurations.h; sourceTree = "<group>"; };
		F50832621A270A9600C5A8A7 /* main.m */ = {isa = PBXFileReference; fileEncoding = 4; lastKnownFileType = sourcecode.c.objc; path = main.m; sourceTree = "<group>"; };
		F53520C419ED09EE008F5AED /* Gallery.app */ = {isa = PBXFileReference; explicitFileType = wrapper.application; includeInIndex = 0; path = Gallery.app; sourceTree = BUILT_PRODUCTS_DIR; };
		F53520C719ED09EE008F5AED /* Foundation.framework */ = {isa = PBXFileReference; lastKnownFileType = wrapper.framework; name = Foundation.framework; path = System/Library/Frameworks/Foundation.framework; sourceTree = SDKROOT; };
		F53520C919ED09EE008F5AED /* CoreGraphics.framework */ = {isa = PBXFileReference; lastKnownFileType = wrapper.framework; name = CoreGraphics.framework; path = System/Library/Frameworks/CoreGraphics.framework; sourceTree = SDKROOT; };
		F53520CB19ED09EE008F5AED /* UIKit.framework */ = {isa = PBXFileReference; lastKnownFileType = wrapper.framework; name = UIKit.framework; path = System/Library/Frameworks/UIKit.framework; sourceTree = SDKROOT; };
/* End PBXFileReference section */

/* Begin PBXFrameworksBuildPhase section */
		F53520C119ED09EE008F5AED /* Frameworks */ = {
			isa = PBXFrameworksBuildPhase;
			buildActionMask = 2147483647;
			files = (
				8DA3E5C81B3D5384008BDDF0 /* MobileCoreServices.framework in Frameworks */,
				F53520CC19ED09EE008F5AED /* UIKit.framework in Frameworks */,
				F53520C819ED09EE008F5AED /* Foundation.framework in Frameworks */,
				F53520CA19ED09EE008F5AED /* CoreGraphics.framework in Frameworks */,
				B724D8531A1AF9180022F064 /* AppiariesSDK.framework in Frameworks */,
			);
			runOnlyForDeploymentPostprocessing = 0;
		};
/* End PBXFrameworksBuildPhase section */

/* Begin PBXGroup section */
		C5ADA546D4CC237EBAEBFD22 /* Components */ = {
			isa = PBXGroup;
			children = (
				C5ADAEDED8D612007B683DE2 /* ImageLoad.h */,
				C5ADAB67F50A77A086AE23D3 /* ImageLoad.m */,
				C5ADA5567AF49F742FA98E57 /* LazyLoad.h */,
				C5ADAD5AE7EA968C4A97D9C5 /* LazyLoad.m */,
			);
			path = Components;
			sourceTree = "<group>";
		};
		C5ADA55CA181C0E071167FC2 /* Support */ = {
			isa = PBXGroup;
			children = (
				C5ADA8AF8E2A8968B081AF95 /* Helpers */,
			);
			path = Support;
			sourceTree = "<group>";
		};
		C5ADA8AF8E2A8968B081AF95 /* Helpers */ = {
			isa = PBXGroup;
			children = (
				C5ADA8A54AFDEBADCE270713 /* PreferenceHelper.h */,
				C5ADAF78499ABE18EEC2CFF7 /* PreferenceHelper.m */,
				C5ADAC02199B3609D5756A22 /* Validator.h */,
				C5ADAD453655D49DB15826B0 /* Validator.m */,
			);
			path = Helpers;
			sourceTree = "<group>";
		};
		D679CFF01A271E1E001196BF /* Supporting Files */ = {
			isa = PBXGroup;
			children = (
				F50832561A270A9600C5A8A7 /* Gallery-Info.plist */,
				F50832571A270A9600C5A8A7 /* Gallery-Prefix.pch */,
				F50832541A270A9600C5A8A7 /* InfoPlist.strings */,
				F50832621A270A9600C5A8A7 /* main.m */,
			);
			name = "Supporting Files";
			sourceTree = "<group>";
		};
		F508323A1A270A9600C5A8A7 /* Gallery */ = {
			isa = PBXGroup;
			children = (
				F508323D1A270A9600C5A8A7 /* Controllers */,
				F508325B1A270A9600C5A8A7 /* Library */,
				F50832631A270A9600C5A8A7 /* Models */,
				D679CFF01A271E1E001196BF /* Supporting Files */,
				F50832581A270A9600C5A8A7 /* AppDelegate.h */,
				F50832591A270A9600C5A8A7 /* AppDelegate.m */,
				F508325A1A270A9600C5A8A7 /* Images.xcassets */,
				F508323B1A270A9600C5A8A7 /* Main.storyboard */,
				C5ADA55CA181C0E071167FC2 /* Support */,
				C5ADA546D4CC237EBAEBFD22 /* Components */,
			);
			path = Gallery;
			sourceTree = "<group>";
		};
		F508323D1A270A9600C5A8A7 /* Controllers */ = {
			isa = PBXGroup;
			children = (
				D68A65FE1A281C2900503BA6 /* AddViewController.h */,
				D68A65FF1A281C2900503BA6 /* AddViewController.m */,
				D6925C971A5FAF9100A75121 /* DetailViewController.h */,
				D6925C981A5FAF9100A75121 /* DetailViewController.m */,
				D6925C941A5F7BEE00A75121 /* EditViewController.h */,
				D6925C951A5F7BEE00A75121 /* EditViewController.m */,
				D667DFC61A2FEAB900D00663 /* ImageViewController.h */,
				D667DFC71A2FEAB900D00663 /* ImageViewController.m */,
				F50832521A270A9600C5A8A7 /* ListViewController.h */,
				F50832531A270A9600C5A8A7 /* ListViewController.m */,
				D6AA4E0F1A27267500D5EB47 /* PlayViewController.h */,
				D6AA4E101A27267500D5EB47 /* PlayViewController.m */,
				D64B291F1A2C772200FC1A54 /* SettingsViewController.h */,
				D64B29201A2C772200FC1A54 /* SettingsViewController.m */,
			);
			path = Controllers;
			sourceTree = "<group>";
		};
		F508325B1A270A9600C5A8A7 /* Library */ = {
			isa = PBXGroup;
			children = (
				F50832611A270A9600C5A8A7 /* Configurations.h */,
			);
			path = Library;
			sourceTree = "<group>";
		};
		F50832631A270A9600C5A8A7 /* Models */ = {
			isa = PBXGroup;
			children = (
				C5ADA4D599A0C0A5AA397464 /* Illustration.h */,
				C5ADA5617A4C3F97D914E9D7 /* Illustration.m */,
				C5ADAC7B89F2F4147373EE9A /* IllustrationImage.h */,
				C5ADA95DB331B39F6EBD72B8 /* IllustrationImage.m */,
			);
			path = Models;
			sourceTree = "<group>";
		};
		F53520BB19ED09EE008F5AED = {
			isa = PBXGroup;
			children = (
				F508323A1A270A9600C5A8A7 /* Gallery */,
				F53520C619ED09EE008F5AED /* Frameworks */,
				F53520C519ED09EE008F5AED /* Products */,
			);
			sourceTree = "<group>";
		};
		F53520C519ED09EE008F5AED /* Products */ = {
			isa = PBXGroup;
			children = (
				F53520C419ED09EE008F5AED /* Gallery.app */,
			);
			name = Products;
			sourceTree = "<group>";
		};
		F53520C619ED09EE008F5AED /* Frameworks */ = {
			isa = PBXGroup;
			children = (
				B724D8521A1AF9180022F064 /* AppiariesSDK.framework */,
				8DA3E5C71B3D5384008BDDF0 /* MobileCoreServices.framework */,
				F53520C719ED09EE008F5AED /* Foundation.framework */,
				F53520C919ED09EE008F5AED /* CoreGraphics.framework */,
				F53520CB19ED09EE008F5AED /* UIKit.framework */,
			);
			name = Frameworks;
			sourceTree = "<group>";
		};
/* End PBXGroup section */

/* Begin PBXNativeTarget section */
		F53520C319ED09EE008F5AED /* Gallery */ = {
			isa = PBXNativeTarget;
			buildConfigurationList = F53520F619ED09EE008F5AED /* Build configuration list for PBXNativeTarget "Gallery" */;
			buildPhases = (
				F53520C019ED09EE008F5AED /* Sources */,
				F53520C119ED09EE008F5AED /* Frameworks */,
				F53520C219ED09EE008F5AED /* Resources */,
			);
			buildRules = (
			);
			dependencies = (
			);
			name = Gallery;
			productName = Gallery;
			productReference = F53520C419ED09EE008F5AED /* Gallery.app */;
			productType = "com.apple.product-type.application";
		};
/* End PBXNativeTarget section */

/* Begin PBXProject section */
		F53520BC19ED09EE008F5AED /* Project object */ = {
			isa = PBXProject;
			attributes = {
				LastUpgradeCheck = 0610;
				ORGANIZATIONNAME = Appiaries;
			};
			buildConfigurationList = F53520BF19ED09EE008F5AED /* Build configuration list for PBXProject "Gallery" */;
			compatibilityVersion = "Xcode 3.2";
			developmentRegion = English;
			hasScannedForEncodings = 0;
			knownRegions = (
				en,
				Base,
			);
			mainGroup = F53520BB19ED09EE008F5AED;
			productRefGroup = F53520C519ED09EE008F5AED /* Products */;
			projectDirPath = "";
			projectRoot = "";
			targets = (
				F53520C319ED09EE008F5AED /* Gallery */,
			);
		};
/* End PBXProject section */

/* Begin PBXResourcesBuildPhase section */
		F53520C219ED09EE008F5AED /* Resources */ = {
			isa = PBXResourcesBuildPhase;
			buildActionMask = 2147483647;
			files = (
				F50832901A270A9600C5A8A7 /* Main.storyboard in Resources */,
				F508329F1A270A9600C5A8A7 /* Images.xcassets in Resources */,
				F508329C1A270A9600C5A8A7 /* InfoPlist.strings in Resources */,
			);
			runOnlyForDeploymentPostprocessing = 0;
		};
/* End PBXResourcesBuildPhase section */

/* Begin PBXSourcesBuildPhase section */
		F53520C019ED09EE008F5AED /* Sources */ = {
			isa = PBXSourcesBuildPhase;
			buildActionMask = 2147483647;
			files = (
				F508329E1A270A9600C5A8A7 /* AppDelegate.m in Sources */,
				D667DFC81A2FEAB900D00663 /* ImageViewController.m in Sources */,
				F508329B1A270A9600C5A8A7 /* ListViewController.m in Sources */,
				F50832A21A270A9600C5A8A7 /* main.m in Sources */,
				D6AA4E111A27267500D5EB47 /* PlayViewController.m in Sources */,
				D6925C991A5FAF9100A75121 /* DetailViewController.m in Sources */,
				D6925C961A5F7BEE00A75121 /* EditViewController.m in Sources */,
				D68A66001A281C2900503BA6 /* AddViewController.m in Sources */,
				D64B29211A2C772200FC1A54 /* SettingsViewController.m in Sources */,
				C5ADA5AF02B677E2E349F0BA /* Illustration.m in Sources */,
				C5ADAE40EB8B98302AEE797B /* IllustrationImage.m in Sources */,
				C5ADA319A4E300F1D2F17A3B /* PreferenceHelper.m in Sources */,
				C5ADAA11099ADB3131C9C5C6 /* Validator.m in Sources */,
				C5ADAF98AE169BED3D73311A /* LazyLoad.m in Sources */,
				C5ADABEC2ACE671573E96651 /* ImageLoad.m in Sources */,
			);
			runOnlyForDeploymentPostprocessing = 0;
		};
/* End PBXSourcesBuildPhase section */

/* Begin PBXVariantGroup section */
		F508323B1A270A9600C5A8A7 /* Main.storyboard */ = {
			isa = PBXVariantGroup;
			children = (
				F508323C1A270A9600C5A8A7 /* Base */,
			);
			name = Main.storyboard;
			sourceTree = "<group>";
		};
		F50832541A270A9600C5A8A7 /* InfoPlist.strings */ = {
			isa = PBXVariantGroup;
			children = (
				F50832551A270A9600C5A8A7 /* en */,
			);
			name = InfoPlist.strings;
			sourceTree = "<group>";
		};
/* End PBXVariantGroup section */

/* Begin XCBuildConfiguration section */
		F53520F419ED09EE008F5AED /* Debug */ = {
			isa = XCBuildConfiguration;
			buildSettings = {
				ALWAYS_SEARCH_USER_PATHS = NO;
				CLANG_CXX_LANGUAGE_STANDARD = "gnu++0x";
				CLANG_CXX_LIBRARY = "libc++";
				CLANG_ENABLE_MODULES = YES;
				CLANG_ENABLE_OBJC_ARC = YES;
				CLANG_WARN_BOOL_CONVERSION = YES;
				CLANG_WARN_CONSTANT_CONVERSION = YES;
				CLANG_WARN_DIRECT_OBJC_ISA_USAGE = YES_ERROR;
				CLANG_WARN_EMPTY_BODY = YES;
				CLANG_WARN_ENUM_CONVERSION = YES;
				CLANG_WARN_INT_CONVERSION = YES;
				CLANG_WARN_OBJC_ROOT_CLASS = YES_ERROR;
				CLANG_WARN__DUPLICATE_METHOD_MATCH = YES;
				COPY_PHASE_STRIP = NO;
				GCC_C_LANGUAGE_STANDARD = gnu99;
				GCC_DYNAMIC_NO_PIC = NO;
				GCC_OPTIMIZATION_LEVEL = 0;
				GCC_PREPROCESSOR_DEFINITIONS = (
					"DEBUG=1",
					"$(inherited)",
				);
				GCC_SYMBOLS_PRIVATE_EXTERN = NO;
				GCC_WARN_64_TO_32_BIT_CONVERSION = YES;
				GCC_WARN_ABOUT_RETURN_TYPE = YES_ERROR;
				GCC_WARN_UNDECLARED_SELECTOR = YES;
				GCC_WARN_UNINITIALIZED_AUTOS = YES_AGGRESSIVE;
				GCC_WARN_UNUSED_FUNCTION = YES;
				GCC_WARN_UNUSED_VARIABLE = YES;
				IPHONEOS_DEPLOYMENT_TARGET = 7.1;
				ONLY_ACTIVE_ARCH = YES;
				SDKROOT = iphoneos;
			};
			name = Debug;
		};
		F53520F519ED09EE008F5AED /* Release */ = {
			isa = XCBuildConfiguration;
			buildSettings = {
				ALWAYS_SEARCH_USER_PATHS = NO;
				CLANG_CXX_LANGUAGE_STANDARD = "gnu++0x";
				CLANG_CXX_LIBRARY = "libc++";
				CLANG_ENABLE_MODULES = YES;
				CLANG_ENABLE_OBJC_ARC = YES;
				CLANG_WARN_BOOL_CONVERSION = YES;
				CLANG_WARN_CONSTANT_CONVERSION = YES;
				CLANG_WARN_DIRECT_OBJC_ISA_USAGE = YES_ERROR;
				CLANG_WARN_EMPTY_BODY = YES;
				CLANG_WARN_ENUM_CONVERSION = YES;
				CLANG_WARN_INT_CONVERSION = YES;
				CLANG_WARN_OBJC_ROOT_CLASS = YES_ERROR;
				CLANG_WARN__DUPLICATE_METHOD_MATCH = YES;
				COPY_PHASE_STRIP = YES;
				ENABLE_NS_ASSERTIONS = NO;
				GCC_C_LANGUAGE_STANDARD = gnu99;
				GCC_WARN_64_TO_32_BIT_CONVERSION = YES;
				GCC_WARN_ABOUT_RETURN_TYPE = YES_ERROR;
				GCC_WARN_UNDECLARED_SELECTOR = YES;
				GCC_WARN_UNINITIALIZED_AUTOS = YES_AGGRESSIVE;
				GCC_WARN_UNUSED_FUNCTION = YES;
				GCC_WARN_UNUSED_VARIABLE = YES;
				IPHONEOS_DEPLOYMENT_TARGET = 7.1;
				SDKROOT = iphoneos;
				VALIDATE_PRODUCT = YES;
			};
			name = Release;
		};
		F53520F719ED09EE008F5AED /* Debug */ = {
			isa = XCBuildConfiguration;
			buildSettings = {
				ASSETCATALOG_COMPILER_APPICON_NAME = AppIcon;
				ASSETCATALOG_COMPILER_LAUNCHIMAGE_NAME = LaunchImage;
				FRAMEWORK_SEARCH_PATHS = (
					"$(inherited)",
					"$(PROJECT_DIR)",
				);
				GCC_PRECOMPILE_PREFIX_HEADER = YES;
				GCC_PREFIX_HEADER = "Gallery/Gallery-Prefix.pch";
				INFOPLIST_FILE = "Gallery/Gallery-Info.plist";
				IPHONEOS_DEPLOYMENT_TARGET = 7.0;
				PRODUCT_NAME = Gallery;
				WRAPPER_EXTENSION = app;
			};
			name = Debug;
		};
		F53520F819ED09EE008F5AED /* Release */ = {
			isa = XCBuildConfiguration;
			buildSettings = {
				ASSETCATALOG_COMPILER_APPICON_NAME = AppIcon;
				ASSETCATALOG_COMPILER_LAUNCHIMAGE_NAME = LaunchImage;
				FRAMEWORK_SEARCH_PATHS = (
					"$(inherited)",
					"$(PROJECT_DIR)",
				);
				GCC_PRECOMPILE_PREFIX_HEADER = YES;
				GCC_PREFIX_HEADER = "Gallery/Gallery-Prefix.pch";
				INFOPLIST_FILE = "Gallery/Gallery-Info.plist";
				IPHONEOS_DEPLOYMENT_TARGET = 7.0;
				PRODUCT_NAME = Gallery;
				WRAPPER_EXTENSION = app;
			};
			name = Release;
		};
/* End XCBuildConfiguration section */

/* Begin XCConfigurationList section */
		F53520BF19ED09EE008F5AED /* Build configuration list for PBXProject "Gallery" */ = {
			isa = XCConfigurationList;
			buildConfigurations = (
				F53520F419ED09EE008F5AED /* Debug */,
				F53520F519ED09EE008F5AED /* Release */,
			);
			defaultConfigurationIsVisible = 0;
			defaultConfigurationName = Release;
		};
		F53520F619ED09EE008F5AED /* Build configuration list for PBXNativeTarget "Gallery" */ = {
			isa = XCConfigurationList;
			buildConfigurations = (
				F53520F719ED09EE008F5AED /* Debug */,
				F53520F819ED09EE008F5AED /* Release */,
			);
			defaultConfigurationIsVisible = 0;
			defaultConfigurationName = Release;
		};
/* End XCConfigurationList section */
	};
	rootObject = F53520BC19ED09EE008F5AED /* Project object */;
}
